
Microsoft Visual Studio Solution File, Format Version 12.00
# Visual Studio Version 16
VisualStudioVersion = 16.0.32510.428
MinimumVisualStudioVersion = 10.0.40219.1
Project("{FAE04EC0-301F-11D3-BF4B-00C04F79EFBC}") = "Q4", "Q4.csproj", "{38147C55-87FB-4C8D-93C8-FB3FC3942000}"
EndProject
Global
	GlobalSection(SolutionConfigurationPlatforms) = preSolution
		Debug|Any CPU = Debug|Any CPU
		Release|Any CPU = Release|Any CPU
	EndGlobalSection
	GlobalSection(ProjectConfigurationPlatforms) = postSolution
		{38147C55-87FB-4C8D-93C8-FB3FC3942000}.Debug|Any CPU.ActiveCfg = Debug|Any CPU
		{38147C55-87FB-4C8D-93C8-FB3FC3942000}.Debug|Any CPU.Build.0 = Debug|Any CPU
		{38147C55-87FB-4C8D-93C8-FB3FC3942000}.Release|Any CPU.ActiveCfg = Release|Any CPU
		{38147C55-87FB-4C8D-93C8-FB3FC3942000}.Release|Any CPU.Build.0 = Release|Any CPU
	EndGlobalSection
	GlobalSection(SolutionProperties) = preSolution
		HideSolutionNode = FALSE
	EndGlobalSection
	GlobalSection(ExtensibilityGlobals) = postSolution
		SolutionGuid = {03A6DD32-6408-441C-8F2B-B2E69B0EA537}
	EndGlobalSection
EndGlobal
